// !$*UTF8*$!
{
	archiveVersion = 1;
	classes = {
	};
	objectVersion = 55;
	objects = {

/* Begin PBXBuildFile section */
		B9C55F4F28B7F02700408846 /* CBoynton_Summus_ChallengeApp.swift in Sources */ = {isa = PBXBuildFile; fileRef = B9C55F4E28B7F02700408846 /* CBoynton_Summus_ChallengeApp.swift */; };
		B9C55F5328B7F02900408846 /* Assets.xcassets in Resources */ = {isa = PBXBuildFile; fileRef = B9C55F5228B7F02900408846 /* Assets.xcassets */; };
		B9C55F5628B7F02900408846 /* Preview Assets.xcassets in Resources */ = {isa = PBXBuildFile; fileRef = B9C55F5528B7F02900408846 /* Preview Assets.xcassets */; };
		B9C55F8128B8FAE200408846 /* Post.swift in Sources */ = {isa = PBXBuildFile; fileRef = B9C55F8028B8FAE200408846 /* Post.swift */; };
		B9C55F8328B8FC7100408846 /* User.swift in Sources */ = {isa = PBXBuildFile; fileRef = B9C55F8228B8FC7100408846 /* User.swift */; };
		B9C55F8528B8FC7D00408846 /* Comment.swift in Sources */ = {isa = PBXBuildFile; fileRef = B9C55F8428B8FC7D00408846 /* Comment.swift */; };
		B9C55F8728B8FC9B00408846 /* Album.swift in Sources */ = {isa = PBXBuildFile; fileRef = B9C55F8628B8FC9B00408846 /* Album.swift */; };
		B9C55F8928B8FCA200408846 /* Photo.swift in Sources */ = {isa = PBXBuildFile; fileRef = B9C55F8828B8FCA200408846 /* Photo.swift */; };
		B9C55F8B28B8FCD100408846 /* ApiClient.swift in Sources */ = {isa = PBXBuildFile; fileRef = B9C55F8A28B8FCD100408846 /* ApiClient.swift */; };
		B9C55F8E28B909C400408846 /* DataStore.swift in Sources */ = {isa = PBXBuildFile; fileRef = B9C55F8D28B909C400408846 /* DataStore.swift */; };
		B9C55F9028B90E2600408846 /* PostRow.swift in Sources */ = {isa = PBXBuildFile; fileRef = B9C55F8F28B90E2600408846 /* PostRow.swift */; };
		B9C55F9228B90FA600408846 /* PostList.swift in Sources */ = {isa = PBXBuildFile; fileRef = B9C55F9128B90FA600408846 /* PostList.swift */; };
		B9C55F9428B912ED00408846 /* PostListViewModel.swift in Sources */ = {isa = PBXBuildFile; fileRef = B9C55F9328B912ED00408846 /* PostListViewModel.swift */; };
		B9C55F9628B919BF00408846 /* PostDetail.swift in Sources */ = {isa = PBXBuildFile; fileRef = B9C55F9528B919BF00408846 /* PostDetail.swift */; };
		B9C55F9828B9207900408846 /* PostDetailViewModel.swift in Sources */ = {isa = PBXBuildFile; fileRef = B9C55F9728B9207900408846 /* PostDetailViewModel.swift */; };
		B9DE220E28B92DBF009DF98D /* AuthorDetail.swift in Sources */ = {isa = PBXBuildFile; fileRef = B9DE220D28B92DBF009DF98D /* AuthorDetail.swift */; };
		B9DE221028B92E16009DF98D /* CommentRow.swift in Sources */ = {isa = PBXBuildFile; fileRef = B9DE220F28B92E16009DF98D /* CommentRow.swift */; };
		B9DE221228B931C0009DF98D /* AuthorLabel.swift in Sources */ = {isa = PBXBuildFile; fileRef = B9DE221128B931C0009DF98D /* AuthorLabel.swift */; };
		B9DE221628B93342009DF98D /* AuthorDetailViewModel.swift in Sources */ = {isa = PBXBuildFile; fileRef = B9DE221528B93342009DF98D /* AuthorDetailViewModel.swift */; };
/* End PBXBuildFile section */

/* Begin PBXContainerItemProxy section */
		B9C55F5C28B7F02900408846 /* PBXContainerItemProxy */ = {
			isa = PBXContainerItemProxy;
			containerPortal = B9C55F4328B7F02700408846 /* Project object */;
			proxyType = 1;
			remoteGlobalIDString = B9C55F4A28B7F02700408846;
			remoteInfo = "CBoynton-Summus-Challenge";
		};
		B9C55F6628B7F02900408846 /* PBXContainerItemProxy */ = {
			isa = PBXContainerItemProxy;
			containerPortal = B9C55F4328B7F02700408846 /* Project object */;
			proxyType = 1;
			remoteGlobalIDString = B9C55F4A28B7F02700408846;
			remoteInfo = "CBoynton-Summus-Challenge";
		};
/* End PBXContainerItemProxy section */

/* Begin PBXFileReference section */
		B9C55F4B28B7F02700408846 /* CBoynton-Summus-Challenge.app */ = {isa = PBXFileReference; explicitFileType = wrapper.application; includeInIndex = 0; path = "CBoynton-Summus-Challenge.app"; sourceTree = BUILT_PRODUCTS_DIR; };
		B9C55F4E28B7F02700408846 /* CBoynton_Summus_ChallengeApp.swift */ = {isa = PBXFileReference; lastKnownFileType = sourcecode.swift; path = CBoynton_Summus_ChallengeApp.swift; sourceTree = "<group>"; };
		B9C55F5228B7F02900408846 /* Assets.xcassets */ = {isa = PBXFileReference; lastKnownFileType = folder.assetcatalog; path = Assets.xcassets; sourceTree = "<group>"; };
		B9C55F5528B7F02900408846 /* Preview Assets.xcassets */ = {isa = PBXFileReference; lastKnownFileType = folder.assetcatalog; path = "Preview Assets.xcassets"; sourceTree = "<group>"; };
		B9C55F5B28B7F02900408846 /* CBoynton-Summus-ChallengeTests.xctest */ = {isa = PBXFileReference; explicitFileType = wrapper.cfbundle; includeInIndex = 0; path = "CBoynton-Summus-ChallengeTests.xctest"; sourceTree = BUILT_PRODUCTS_DIR; };
		B9C55F6528B7F02900408846 /* CBoynton-Summus-ChallengeUITests.xctest */ = {isa = PBXFileReference; explicitFileType = wrapper.cfbundle; includeInIndex = 0; path = "CBoynton-Summus-ChallengeUITests.xctest"; sourceTree = BUILT_PRODUCTS_DIR; };
		B9C55F8028B8FAE200408846 /* Post.swift */ = {isa = PBXFileReference; lastKnownFileType = sourcecode.swift; path = Post.swift; sourceTree = "<group>"; };
		B9C55F8228B8FC7100408846 /* User.swift */ = {isa = PBXFileReference; lastKnownFileType = sourcecode.swift; path = User.swift; sourceTree = "<group>"; };
		B9C55F8428B8FC7D00408846 /* Comment.swift */ = {isa = PBXFileReference; lastKnownFileType = sourcecode.swift; path = Comment.swift; sourceTree = "<group>"; };
		B9C55F8628B8FC9B00408846 /* Album.swift */ = {isa = PBXFileReference; lastKnownFileType = sourcecode.swift; path = Album.swift; sourceTree = "<group>"; };
		B9C55F8828B8FCA200408846 /* Photo.swift */ = {isa = PBXFileReference; lastKnownFileType = sourcecode.swift; path = Photo.swift; sourceTree = "<group>"; };
		B9C55F8A28B8FCD100408846 /* ApiClient.swift */ = {isa = PBXFileReference; lastKnownFileType = sourcecode.swift; path = ApiClient.swift; sourceTree = "<group>"; };
		B9C55F8D28B909C400408846 /* DataStore.swift */ = {isa = PBXFileReference; lastKnownFileType = sourcecode.swift; path = DataStore.swift; sourceTree = "<group>"; };
		B9C55F8F28B90E2600408846 /* PostRow.swift */ = {isa = PBXFileReference; lastKnownFileType = sourcecode.swift; path = PostRow.swift; sourceTree = "<group>"; };
		B9C55F9128B90FA600408846 /* PostList.swift */ = {isa = PBXFileReference; lastKnownFileType = sourcecode.swift; path = PostList.swift; sourceTree = "<group>"; };
		B9C55F9328B912ED00408846 /* PostListViewModel.swift */ = {isa = PBXFileReference; lastKnownFileType = sourcecode.swift; path = PostListViewModel.swift; sourceTree = "<group>"; };
		B9C55F9528B919BF00408846 /* PostDetail.swift */ = {isa = PBXFileReference; lastKnownFileType = sourcecode.swift; path = PostDetail.swift; sourceTree = "<group>"; };
		B9C55F9728B9207900408846 /* PostDetailViewModel.swift */ = {isa = PBXFileReference; lastKnownFileType = sourcecode.swift; path = PostDetailViewModel.swift; sourceTree = "<group>"; };
		B9DE220D28B92DBF009DF98D /* AuthorDetail.swift */ = {isa = PBXFileReference; lastKnownFileType = sourcecode.swift; path = AuthorDetail.swift; sourceTree = "<group>"; };
		B9DE220F28B92E16009DF98D /* CommentRow.swift */ = {isa = PBXFileReference; lastKnownFileType = sourcecode.swift; path = CommentRow.swift; sourceTree = "<group>"; };
		B9DE221128B931C0009DF98D /* AuthorLabel.swift */ = {isa = PBXFileReference; lastKnownFileType = sourcecode.swift; path = AuthorLabel.swift; sourceTree = "<group>"; };
		B9DE221528B93342009DF98D /* AuthorDetailViewModel.swift */ = {isa = PBXFileReference; lastKnownFileType = sourcecode.swift; path = AuthorDetailViewModel.swift; sourceTree = "<group>"; };
/* End PBXFileReference section */

/* Begin PBXFrameworksBuildPhase section */
		B9C55F4828B7F02700408846 /* Frameworks */ = {
			isa = PBXFrameworksBuildPhase;
			buildActionMask = 2147483647;
			files = (
			);
			runOnlyForDeploymentPostprocessing = 0;
		};
		B9C55F5828B7F02900408846 /* Frameworks */ = {
			isa = PBXFrameworksBuildPhase;
			buildActionMask = 2147483647;
			files = (
			);
			runOnlyForDeploymentPostprocessing = 0;
		};
		B9C55F6228B7F02900408846 /* Frameworks */ = {
			isa = PBXFrameworksBuildPhase;
			buildActionMask = 2147483647;
			files = (
			);
			runOnlyForDeploymentPostprocessing = 0;
		};
/* End PBXFrameworksBuildPhase section */

/* Begin PBXGroup section */
		B9C55F4228B7F02700408846 = {
			isa = PBXGroup;
			children = (
				B9C55F4D28B7F02700408846 /* CBoynton-Summus-Challenge */,
				B9C55F4C28B7F02700408846 /* Products */,
			);
			sourceTree = "<group>";
		};
		B9C55F4C28B7F02700408846 /* Products */ = {
			isa = PBXGroup;
			children = (
				B9C55F4B28B7F02700408846 /* CBoynton-Summus-Challenge.app */,
				B9C55F5B28B7F02900408846 /* CBoynton-Summus-ChallengeTests.xctest */,
				B9C55F6528B7F02900408846 /* CBoynton-Summus-ChallengeUITests.xctest */,
			);
			name = Products;
			sourceTree = "<group>";
		};
		B9C55F4D28B7F02700408846 /* CBoynton-Summus-Challenge */ = {
			isa = PBXGroup;
			children = (
				B9C55F7A28B8F86100408846 /* Model */,
				B9C55F7D28B8F89000408846 /* View */,
				B9C55F8C28B908DC00408846 /* ViewModel */,
				B9C55F4E28B7F02700408846 /* CBoynton_Summus_ChallengeApp.swift */,
				B9C55F5228B7F02900408846 /* Assets.xcassets */,
				B9C55F5428B7F02900408846 /* Preview Content */,
			);
			path = "CBoynton-Summus-Challenge";
			sourceTree = "<group>";
		};
		B9C55F5428B7F02900408846 /* Preview Content */ = {
			isa = PBXGroup;
			children = (
				B9C55F5528B7F02900408846 /* Preview Assets.xcassets */,
			);
			path = "Preview Content";
			sourceTree = "<group>";
		};
		B9C55F7A28B8F86100408846 /* Model */ = {
			isa = PBXGroup;
			children = (
				B9C55F7C28B8F88200408846 /* Services */,
				B9C55F7B28B8F87700408846 /* ApiModel */,
			);
			path = Model;
			sourceTree = "<group>";
		};
		B9C55F7B28B8F87700408846 /* ApiModel */ = {
			isa = PBXGroup;
			children = (
				B9C55F8628B8FC9B00408846 /* Album.swift */,
				B9C55F8428B8FC7D00408846 /* Comment.swift */,
				B9C55F8828B8FCA200408846 /* Photo.swift */,
				B9C55F8028B8FAE200408846 /* Post.swift */,
				B9C55F8228B8FC7100408846 /* User.swift */,
			);
			path = ApiModel;
			sourceTree = "<group>";
		};
		B9C55F7C28B8F88200408846 /* Services */ = {
			isa = PBXGroup;
			children = (
				B9C55F8A28B8FCD100408846 /* ApiClient.swift */,
				B9C55F8D28B909C400408846 /* DataStore.swift */,
			);
			path = Services;
			sourceTree = "<group>";
		};
		B9C55F7D28B8F89000408846 /* View */ = {
			isa = PBXGroup;
			children = (
				B9C55F8F28B90E2600408846 /* PostRow.swift */,
				B9C55F9128B90FA600408846 /* PostList.swift */,
				B9C55F9528B919BF00408846 /* PostDetail.swift */,
				B9DE220F28B92E16009DF98D /* CommentRow.swift */,
				B9DE220D28B92DBF009DF98D /* AuthorDetail.swift */,
				B9DE221128B931C0009DF98D /* AuthorLabel.swift */,
			);
			path = View;
			sourceTree = "<group>";
		};
		B9C55F8C28B908DC00408846 /* ViewModel */ = {
			isa = PBXGroup;
			children = (
				B9C55F9328B912ED00408846 /* PostListViewModel.swift */,
				B9C55F9728B9207900408846 /* PostDetailViewModel.swift */,
				B9DE221528B93342009DF98D /* AuthorDetailViewModel.swift */,
			);
			path = ViewModel;
			sourceTree = "<group>";
		};
/* End PBXGroup section */

/* Begin PBXNativeTarget section */
		B9C55F4A28B7F02700408846 /* CBoynton-Summus-Challenge */ = {
			isa = PBXNativeTarget;
			buildConfigurationList = B9C55F6F28B7F02900408846 /* Build configuration list for PBXNativeTarget "CBoynton-Summus-Challenge" */;
			buildPhases = (
				B9C55F4728B7F02700408846 /* Sources */,
				B9C55F4828B7F02700408846 /* Frameworks */,
				B9C55F4928B7F02700408846 /* Resources */,
			);
			buildRules = (
			);
			dependencies = (
			);
			name = "CBoynton-Summus-Challenge";
			productName = "CBoynton-Summus-Challenge";
			productReference = B9C55F4B28B7F02700408846 /* CBoynton-Summus-Challenge.app */;
			productType = "com.apple.product-type.application";
		};
		B9C55F5A28B7F02900408846 /* CBoynton-Summus-ChallengeTests */ = {
			isa = PBXNativeTarget;
			buildConfigurationList = B9C55F7228B7F02900408846 /* Build configuration list for PBXNativeTarget "CBoynton-Summus-ChallengeTests" */;
			buildPhases = (
				B9C55F5728B7F02900408846 /* Sources */,
				B9C55F5828B7F02900408846 /* Frameworks */,
				B9C55F5928B7F02900408846 /* Resources */,
			);
			buildRules = (
			);
			dependencies = (
				B9C55F5D28B7F02900408846 /* PBXTargetDependency */,
			);
			name = "CBoynton-Summus-ChallengeTests";
			productName = "CBoynton-Summus-ChallengeTests";
			productReference = B9C55F5B28B7F02900408846 /* CBoynton-Summus-ChallengeTests.xctest */;
			productType = "com.apple.product-type.bundle.unit-test";
		};
		B9C55F6428B7F02900408846 /* CBoynton-Summus-ChallengeUITests */ = {
			isa = PBXNativeTarget;
			buildConfigurationList = B9C55F7528B7F02900408846 /* Build configuration list for PBXNativeTarget "CBoynton-Summus-ChallengeUITests" */;
			buildPhases = (
				B9C55F6128B7F02900408846 /* Sources */,
				B9C55F6228B7F02900408846 /* Frameworks */,
				B9C55F6328B7F02900408846 /* Resources */,
			);
			buildRules = (
			);
			dependencies = (
				B9C55F6728B7F02900408846 /* PBXTargetDependency */,
			);
			name = "CBoynton-Summus-ChallengeUITests";
			productName = "CBoynton-Summus-ChallengeUITests";
			productReference = B9C55F6528B7F02900408846 /* CBoynton-Summus-ChallengeUITests.xctest */;
			productType = "com.apple.product-type.bundle.ui-testing";
		};
/* End PBXNativeTarget section */

/* Begin PBXProject section */
		B9C55F4328B7F02700408846 /* Project object */ = {
			isa = PBXProject;
			attributes = {
				BuildIndependentTargetsInParallel = 1;
				LastSwiftUpdateCheck = 1320;
				LastUpgradeCheck = 1320;
				TargetAttributes = {
					B9C55F4A28B7F02700408846 = {
						CreatedOnToolsVersion = 13.2.1;
					};
					B9C55F5A28B7F02900408846 = {
						CreatedOnToolsVersion = 13.2.1;
						TestTargetID = B9C55F4A28B7F02700408846;
					};
					B9C55F6428B7F02900408846 = {
						CreatedOnToolsVersion = 13.2.1;
						TestTargetID = B9C55F4A28B7F02700408846;
					};
				};
			};
			buildConfigurationList = B9C55F4628B7F02700408846 /* Build configuration list for PBXProject "CBoynton-Summus-Challenge" */;
			compatibilityVersion = "Xcode 13.0";
			developmentRegion = en;
			hasScannedForEncodings = 0;
			knownRegions = (
				en,
				Base,
			);
			mainGroup = B9C55F4228B7F02700408846;
			productRefGroup = B9C55F4C28B7F02700408846 /* Products */;
			projectDirPath = "";
			projectRoot = "";
			targets = (
				B9C55F4A28B7F02700408846 /* CBoynton-Summus-Challenge */,
				B9C55F5A28B7F02900408846 /* CBoynton-Summus-ChallengeTests */,
				B9C55F6428B7F02900408846 /* CBoynton-Summus-ChallengeUITests */,
			);
		};
/* End PBXProject section */

/* Begin PBXResourcesBuildPhase section */
		B9C55F4928B7F02700408846 /* Resources */ = {
			isa = PBXResourcesBuildPhase;
			buildActionMask = 2147483647;
			files = (
				B9C55F5628B7F02900408846 /* Preview Assets.xcassets in Resources */,
				B9C55F5328B7F02900408846 /* Assets.xcassets in Resources */,
			);
			runOnlyForDeploymentPostprocessing = 0;
		};
		B9C55F5928B7F02900408846 /* Resources */ = {
			isa = PBXResourcesBuildPhase;
			buildActionMask = 2147483647;
			files = (
			);
			runOnlyForDeploymentPostprocessing = 0;
		};
		B9C55F6328B7F02900408846 /* Resources */ = {
			isa = PBXResourcesBuildPhase;
			buildActionMask = 2147483647;
			files = (
			);
			runOnlyForDeploymentPostprocessing = 0;
		};
/* End PBXResourcesBuildPhase section */

/* Begin PBXSourcesBuildPhase section */
		B9C55F4728B7F02700408846 /* Sources */ = {
			isa = PBXSourcesBuildPhase;
			buildActionMask = 2147483647;
			files = (
				B9C55F8928B8FCA200408846 /* Photo.swift in Sources */,
				B9C55F9228B90FA600408846 /* PostList.swift in Sources */,
				B9C55F8528B8FC7D00408846 /* Comment.swift in Sources */,
				B9C55F8328B8FC7100408846 /* User.swift in Sources */,
				B9C55F8B28B8FCD100408846 /* ApiClient.swift in Sources */,
				B9C55F8128B8FAE200408846 /* Post.swift in Sources */,
				B9DE221028B92E16009DF98D /* CommentRow.swift in Sources */,
				B9C55F4F28B7F02700408846 /* CBoynton_Summus_ChallengeApp.swift in Sources */,
				B9DE220E28B92DBF009DF98D /* AuthorDetail.swift in Sources */,
				B9C55F9428B912ED00408846 /* PostListViewModel.swift in Sources */,
				B9C55F9628B919BF00408846 /* PostDetail.swift in Sources */,
				B9C55F8E28B909C400408846 /* DataStore.swift in Sources */,
				B9C55F9028B90E2600408846 /* PostRow.swift in Sources */,
				B9C55F8728B8FC9B00408846 /* Album.swift in Sources */,
				B9C55F9828B9207900408846 /* PostDetailViewModel.swift in Sources */,
				B9DE221628B93342009DF98D /* AuthorDetailViewModel.swift in Sources */,
				B9DE221228B931C0009DF98D /* AuthorLabel.swift in Sources */,
			);
			runOnlyForDeploymentPostprocessing = 0;
		};
		B9C55F5728B7F02900408846 /* Sources */ = {
			isa = PBXSourcesBuildPhase;
			buildActionMask = 2147483647;
			files = (
			);
			runOnlyForDeploymentPostprocessing = 0;
		};
		B9C55F6128B7F02900408846 /* Sources */ = {
			isa = PBXSourcesBuildPhase;
			buildActionMask = 2147483647;
			files = (
			);
			runOnlyForDeploymentPostprocessing = 0;
		};
/* End PBXSourcesBuildPhase section */

/* Begin PBXTargetDependency section */
		B9C55F5D28B7F02900408846 /* PBXTargetDependency */ = {
			isa = PBXTargetDependency;
			target = B9C55F4A28B7F02700408846 /* CBoynton-Summus-Challenge */;
			targetProxy = B9C55F5C28B7F02900408846 /* PBXContainerItemProxy */;
		};
		B9C55F6728B7F02900408846 /* PBXTargetDependency */ = {
			isa = PBXTargetDependency;
			target = B9C55F4A28B7F02700408846 /* CBoynton-Summus-Challenge */;
			targetProxy = B9C55F6628B7F02900408846 /* PBXContainerItemProxy */;
		};
/* End PBXTargetDependency section */

/* Begin XCBuildConfiguration section */
		B9C55F6D28B7F02900408846 /* Debug */ = {
			isa = XCBuildConfiguration;
			buildSettings = {
				ALWAYS_SEARCH_USER_PATHS = NO;
				CLANG_ANALYZER_NONNULL = YES;
				CLANG_ANALYZER_NUMBER_OBJECT_CONVERSION = YES_AGGRESSIVE;
				CLANG_CXX_LANGUAGE_STANDARD = "gnu++17";
				CLANG_CXX_LIBRARY = "libc++";
				CLANG_ENABLE_MODULES = YES;
				CLANG_ENABLE_OBJC_ARC = YES;
				CLANG_ENABLE_OBJC_WEAK = YES;
				CLANG_WARN_BLOCK_CAPTURE_AUTORELEASING = YES;
				CLANG_WARN_BOOL_CONVERSION = YES;
				CLANG_WARN_COMMA = YES;
				CLANG_WARN_CONSTANT_CONVERSION = YES;
				CLANG_WARN_DEPRECATED_OBJC_IMPLEMENTATIONS = YES;
				CLANG_WARN_DIRECT_OBJC_ISA_USAGE = YES_ERROR;
				CLANG_WARN_DOCUMENTATION_COMMENTS = YES;
				CLANG_WARN_EMPTY_BODY = YES;
				CLANG_WARN_ENUM_CONVERSION = YES;
				CLANG_WARN_INFINITE_RECURSION = YES;
				CLANG_WARN_INT_CONVERSION = YES;
				CLANG_WARN_NON_LITERAL_NULL_CONVERSION = YES;
				CLANG_WARN_OBJC_IMPLICIT_RETAIN_SELF = YES;
				CLANG_WARN_OBJC_LITERAL_CONVERSION = YES;
				CLANG_WARN_OBJC_ROOT_CLASS = YES_ERROR;
				CLANG_WARN_QUOTED_INCLUDE_IN_FRAMEWORK_HEADER = YES;
				CLANG_WARN_RANGE_LOOP_ANALYSIS = YES;
				CLANG_WARN_STRICT_PROTOTYPES = YES;
				CLANG_WARN_SUSPICIOUS_MOVE = YES;
				CLANG_WARN_UNGUARDED_AVAILABILITY = YES_AGGRESSIVE;
				CLANG_WARN_UNREACHABLE_CODE = YES;
				CLANG_WARN__DUPLICATE_METHOD_MATCH = YES;
				COPY_PHASE_STRIP = NO;
				DEBUG_INFORMATION_FORMAT = dwarf;
				ENABLE_STRICT_OBJC_MSGSEND = YES;
				ENABLE_TESTABILITY = YES;
				GCC_C_LANGUAGE_STANDARD = gnu11;
				GCC_DYNAMIC_NO_PIC = NO;
				GCC_NO_COMMON_BLOCKS = YES;
				GCC_OPTIMIZATION_LEVEL = 0;
				GCC_PREPROCESSOR_DEFINITIONS = (
					"DEBUG=1",
					"$(inherited)",
				);
				GCC_WARN_64_TO_32_BIT_CONVERSION = YES;
				GCC_WARN_ABOUT_RETURN_TYPE = YES_ERROR;
				GCC_WARN_UNDECLARED_SELECTOR = YES;
				GCC_WARN_UNINITIALIZED_AUTOS = YES_AGGRESSIVE;
				GCC_WARN_UNUSED_FUNCTION = YES;
				GCC_WARN_UNUSED_VARIABLE = YES;
				IPHONEOS_DEPLOYMENT_TARGET = 15.2;
				MTL_ENABLE_DEBUG_INFO = INCLUDE_SOURCE;
				MTL_FAST_MATH = YES;
				ONLY_ACTIVE_ARCH = YES;
				SDKROOT = iphoneos;
				SWIFT_ACTIVE_COMPILATION_CONDITIONS = DEBUG;
				SWIFT_OPTIMIZATION_LEVEL = "-Onone";
			};
			name = Debug;
		};
		B9C55F6E28B7F02900408846 /* Release */ = {
			isa = XCBuildConfiguration;
			buildSettings = {
				ALWAYS_SEARCH_USER_PATHS = NO;
				CLANG_ANALYZER_NONNULL = YES;
				CLANG_ANALYZER_NUMBER_OBJECT_CONVERSION = YES_AGGRESSIVE;
				CLANG_CXX_LANGUAGE_STANDARD = "gnu++17";
				CLANG_CXX_LIBRARY = "libc++";
				CLANG_ENABLE_MODULES = YES;
				CLANG_ENABLE_OBJC_ARC = YES;
				CLANG_ENABLE_OBJC_WEAK = YES;
				CLANG_WARN_BLOCK_CAPTURE_AUTORELEASING = YES;
				CLANG_WARN_BOOL_CONVERSION = YES;
				CLANG_WARN_COMMA = YES;
				CLANG_WARN_CONSTANT_CONVERSION = YES;
				CLANG_WARN_DEPRECATED_OBJC_IMPLEMENTATIONS = YES;
				CLANG_WARN_DIRECT_OBJC_ISA_USAGE = YES_ERROR;
				CLANG_WARN_DOCUMENTATION_COMMENTS = YES;
				CLANG_WARN_EMPTY_BODY = YES;
				CLANG_WARN_ENUM_CONVERSION = YES;
				CLANG_WARN_INFINITE_RECURSION = YES;
				CLANG_WARN_INT_CONVERSION = YES;
				CLANG_WARN_NON_LITERAL_NULL_CONVERSION = YES;
				CLANG_WARN_OBJC_IMPLICIT_RETAIN_SELF = YES;
				CLANG_WARN_OBJC_LITERAL_CONVERSION = YES;
				CLANG_WARN_OBJC_ROOT_CLASS = YES_ERROR;
				CLANG_WARN_QUOTED_INCLUDE_IN_FRAMEWORK_HEADER = YES;
				CLANG_WARN_RANGE_LOOP_ANALYSIS = YES;
				CLANG_WARN_STRICT_PROTOTYPES = YES;
				CLANG_WARN_SUSPICIOUS_MOVE = YES;
				CLANG_WARN_UNGUARDED_AVAILABILITY = YES_AGGRESSIVE;
				CLANG_WARN_UNREACHABLE_CODE = YES;
				CLANG_WARN__DUPLICATE_METHOD_MATCH = YES;
				COPY_PHASE_STRIP = NO;
				DEBUG_INFORMATION_FORMAT = "dwarf-with-dsym";
				ENABLE_NS_ASSERTIONS = NO;
				ENABLE_STRICT_OBJC_MSGSEND = YES;
				GCC_C_LANGUAGE_STANDARD = gnu11;
				GCC_NO_COMMON_BLOCKS = YES;
				GCC_WARN_64_TO_32_BIT_CONVERSION = YES;
				GCC_WARN_ABOUT_RETURN_TYPE = YES_ERROR;
				GCC_WARN_UNDECLARED_SELECTOR = YES;
				GCC_WARN_UNINITIALIZED_AUTOS = YES_AGGRESSIVE;
				GCC_WARN_UNUSED_FUNCTION = YES;
				GCC_WARN_UNUSED_VARIABLE = YES;
				IPHONEOS_DEPLOYMENT_TARGET = 15.2;
				MTL_ENABLE_DEBUG_INFO = NO;
				MTL_FAST_MATH = YES;
				SDKROOT = iphoneos;
				SWIFT_COMPILATION_MODE = wholemodule;
				SWIFT_OPTIMIZATION_LEVEL = "-O";
				VALIDATE_PRODUCT = YES;
			};
			name = Release;
		};
		B9C55F7028B7F02900408846 /* Debug */ = {
			isa = XCBuildConfiguration;
			buildSettings = {
				ASSETCATALOG_COMPILER_APPICON_NAME = AppIcon;
				ASSETCATALOG_COMPILER_GLOBAL_ACCENT_COLOR_NAME = AccentColor;
				CODE_SIGN_STYLE = Automatic;
				CURRENT_PROJECT_VERSION = 1;
				DEVELOPMENT_ASSET_PATHS = "\"CBoynton-Summus-Challenge/Preview Content\"";
				DEVELOPMENT_TEAM = 6X2L9APT92;
				ENABLE_PREVIEWS = YES;
				GENERATE_INFOPLIST_FILE = YES;
				INFOPLIST_KEY_UIApplicationSceneManifest_Generation = YES;
				INFOPLIST_KEY_UIApplicationSupportsIndirectInputEvents = YES;
				INFOPLIST_KEY_UILaunchScreen_Generation = YES;
				INFOPLIST_KEY_UISupportedInterfaceOrientations_iPad = "UIInterfaceOrientationPortrait UIInterfaceOrientationPortraitUpsideDown UIInterfaceOrientationLandscapeLeft UIInterfaceOrientationLandscapeRight";
				INFOPLIST_KEY_UISupportedInterfaceOrientations_iPhone = "UIInterfaceOrientationPortrait UIInterfaceOrientationLandscapeLeft UIInterfaceOrientationLandscapeRight";
				LD_RUNPATH_SEARCH_PATHS = (
					"$(inherited)",
					"@executable_path/Frameworks",
				);
				MARKETING_VERSION = 1.0;
				PRODUCT_BUNDLE_IDENTIFIER = "com.cboynton.CBoynton-Summus-Challenge";
				PRODUCT_NAME = "$(TARGET_NAME)";
				SWIFT_EMIT_LOC_STRINGS = YES;
				SWIFT_VERSION = 5.0;
				TARGETED_DEVICE_FAMILY = "1,2";
			};
			name = Debug;
		};
		B9C55F7128B7F02900408846 /* Release */ = {
			isa = XCBuildConfiguration;
			buildSettings = {
				ASSETCATALOG_COMPILER_APPICON_NAME = AppIcon;
				ASSETCATALOG_COMPILER_GLOBAL_ACCENT_COLOR_NAME = AccentColor;
				CODE_SIGN_STYLE = Automatic;
				CURRENT_PROJECT_VERSION = 1;
				DEVELOPMENT_ASSET_PATHS = "\"CBoynton-Summus-Challenge/Preview Content\"";
				DEVELOPMENT_TEAM = 6X2L9APT92;
				ENABLE_PREVIEWS = YES;
				GENERATE_INFOPLIST_FILE = YES;
				INFOPLIST_KEY_UIApplicationSceneManifest_Generation = YES;
				INFOPLIST_KEY_UIApplicationSupportsIndirectInputEvents = YES;
				INFOPLIST_KEY_UILaunchScreen_Generation = YES;
				INFOPLIST_KEY_UISupportedInterfaceOrientations_iPad = "UIInterfaceOrientationPortrait UIInterfaceOrientationPortraitUpsideDown UIInterfaceOrientationLandscapeLeft UIInterfaceOrientationLandscapeRight";
				INFOPLIST_KEY_UISupportedInterfaceOrientations_iPhone = "UIInterfaceOrientationPortrait UIInterfaceOrientationLandscapeLeft UIInterfaceOrientationLandscapeRight";
				LD_RUNPATH_SEARCH_PATHS = (
					"$(inherited)",
					"@executable_path/Frameworks",
				);
				MARKETING_VERSION = 1.0;
				PRODUCT_BUNDLE_IDENTIFIER = "com.cboynton.CBoynton-Summus-Challenge";
				PRODUCT_NAME = "$(TARGET_NAME)";
				SWIFT_EMIT_LOC_STRINGS = YES;
				SWIFT_VERSION = 5.0;
				TARGETED_DEVICE_FAMILY = "1,2";
			};
			name = Release;
		};
		B9C55F7328B7F02900408846 /* Debug */ = {
			isa = XCBuildConfiguration;
			buildSettings = {
				ALWAYS_EMBED_SWIFT_STANDARD_LIBRARIES = YES;
				BUNDLE_LOADER = "$(TEST_HOST)";
				CODE_SIGN_STYLE = Automatic;
				CURRENT_PROJECT_VERSION = 1;
				DEVELOPMENT_TEAM = 6X2L9APT92;
				GENERATE_INFOPLIST_FILE = YES;
				IPHONEOS_DEPLOYMENT_TARGET = 15.2;
				MARKETING_VERSION = 1.0;
				PRODUCT_BUNDLE_IDENTIFIER = "com.cboynton.CBoynton-Summus-ChallengeTests";
				PRODUCT_NAME = "$(TARGET_NAME)";
				SWIFT_EMIT_LOC_STRINGS = NO;
				SWIFT_VERSION = 5.0;
				TARGETED_DEVICE_FAMILY = "1,2";
				TEST_HOST = "$(BUILT_PRODUCTS_DIR)/CBoynton-Summus-Challenge.app/CBoynton-Summus-Challenge";
			};
			name = Debug;
		};
		B9C55F7428B7F02900408846 /* Release */ = {
			isa = XCBuildConfiguration;
			buildSettings = {
				ALWAYS_EMBED_SWIFT_STANDARD_LIBRARIES = YES;
				BUNDLE_LOADER = "$(TEST_HOST)";
				CODE_SIGN_STYLE = Automatic;
				CURRENT_PROJECT_VERSION = 1;
				DEVELOPMENT_TEAM = 6X2L9APT92;
				GENERATE_INFOPLIST_FILE = YES;
				IPHONEOS_DEPLOYMENT_TARGET = 15.2;
				MARKETING_VERSION = 1.0;
				PRODUCT_BUNDLE_IDENTIFIER = "com.cboynton.CBoynton-Summus-ChallengeTests";
				PRODUCT_NAME = "$(TARGET_NAME)";
				SWIFT_EMIT_LOC_STRINGS = NO;
				SWIFT_VERSION = 5.0;
				TARGETED_DEVICE_FAMILY = "1,2";
				TEST_HOST = "$(BUILT_PRODUCTS_DIR)/CBoynton-Summus-Challenge.app/CBoynton-Summus-Challenge";
			};
			name = Release;
		};
		B9C55F7628B7F02900408846 /* Debug */ = {
			isa = XCBuildConfiguration;
			buildSettings = {
				ALWAYS_EMBED_SWIFT_STANDARD_LIBRARIES = YES;
				CODE_SIGN_STYLE = Automatic;
				CURRENT_PROJECT_VERSION = 1;
				DEVELOPMENT_TEAM = 6X2L9APT92;
				GENERATE_INFOPLIST_FILE = YES;
				MARKETING_VERSION = 1.0;
				PRODUCT_BUNDLE_IDENTIFIER = "com.cboynton.CBoynton-Summus-ChallengeUITests";
				PRODUCT_NAME = "$(TARGET_NAME)";
				SWIFT_EMIT_LOC_STRINGS = NO;
				SWIFT_VERSION = 5.0;
				TARGETED_DEVICE_FAMILY = "1,2";
				TEST_TARGET_NAME = "CBoynton-Summus-Challenge";
			};
			name = Debug;
		};
		B9C55F7728B7F02900408846 /* Release */ = {
			isa = XCBuildConfiguration;
			buildSettings = {
				ALWAYS_EMBED_SWIFT_STANDARD_LIBRARIES = YES;
				CODE_SIGN_STYLE = Automatic;
				CURRENT_PROJECT_VERSION = 1;
				DEVELOPMENT_TEAM = 6X2L9APT92;
				GENERATE_INFOPLIST_FILE = YES;
				MARKETING_VERSION = 1.0;
				PRODUCT_BUNDLE_IDENTIFIER = "com.cboynton.CBoynton-Summus-ChallengeUITests";
				PRODUCT_NAME = "$(TARGET_NAME)";
				SWIFT_EMIT_LOC_STRINGS = NO;
				SWIFT_VERSION = 5.0;
				TARGETED_DEVICE_FAMILY = "1,2";
				TEST_TARGET_NAME = "CBoynton-Summus-Challenge";
			};
			name = Release;
		};
/* End XCBuildConfiguration section */

/* Begin XCConfigurationList section */
		B9C55F4628B7F02700408846 /* Build configuration list for PBXProject "CBoynton-Summus-Challenge" */ = {
			isa = XCConfigurationList;
			buildConfigurations = (
				B9C55F6D28B7F02900408846 /* Debug */,
				B9C55F6E28B7F02900408846 /* Release */,
			);
			defaultConfigurationIsVisible = 0;
			defaultConfigurationName = Release;
		};
		B9C55F6F28B7F02900408846 /* Build configuration list for PBXNativeTarget "CBoynton-Summus-Challenge" */ = {
			isa = XCConfigurationList;
			buildConfigurations = (
				B9C55F7028B7F02900408846 /* Debug */,
				B9C55F7128B7F02900408846 /* Release */,
			);
			defaultConfigurationIsVisible = 0;
			defaultConfigurationName = Release;
		};
		B9C55F7228B7F02900408846 /* Build configuration list for PBXNativeTarget "CBoynton-Summus-ChallengeTests" */ = {
			isa = XCConfigurationList;
			buildConfigurations = (
				B9C55F7328B7F02900408846 /* Debug */,
				B9C55F7428B7F02900408846 /* Release */,
			);
			defaultConfigurationIsVisible = 0;
			defaultConfigurationName = Release;
		};
		B9C55F7528B7F02900408846 /* Build configuration list for PBXNativeTarget "CBoynton-Summus-ChallengeUITests" */ = {
			isa = XCConfigurationList;
			buildConfigurations = (
				B9C55F7628B7F02900408846 /* Debug */,
				B9C55F7728B7F02900408846 /* Release */,
			);
			defaultConfigurationIsVisible = 0;
			defaultConfigurationName = Release;
		};
/* End XCConfigurationList section */
	};
	rootObject = B9C55F4328B7F02700408846 /* Project object */;
}
